
Microsoft Visual Studio Solution File, Format Version 12.00
# Visual Studio Version 16
VisualStudioVersion = 16.0.30907.101
MinimumVisualStudioVersion = 10.0.40219.1
Project("{9A19103F-16F7-4668-BE54-9A1E7A4F7556}") = "Entities", "Entities\Entities.csproj", "{171FAAEA-4DD2-4A1D-AA2E-CCBA4D3B192F}"
EndProject
Project("{9A19103F-16F7-4668-BE54-9A1E7A4F7556}") = "Core", "Core\Core.csproj", "{B867CCFB-075E-4240-A4E8-0B817494D997}"
EndProject
Project("{9A19103F-16F7-4668-BE54-9A1E7A4F7556}") = "DataAccess", "DataAccess\DataAccess.csproj", "{1CCFE4A2-62AA-4EB1-B460-B56F54DAFD5B}"
EndProject
Project("{9A19103F-16F7-4668-BE54-9A1E7A4F7556}") = "Business", "Business\Business.csproj", "{5E97AF8B-E67D-4D5D-88A7-1FEFC3284E80}"
EndProject
Project("{FAE04EC0-301F-11D3-BF4B-00C04F79EFBC}") = "FormUI", "FormUI\FormUI.csproj", "{CD4DE6A0-AAB0-4807-A5C8-08975C009FCC}"
EndProject
Global
	GlobalSection(SolutionConfigurationPlatforms) = preSolution
		Debug|Any CPU = Debug|Any CPU
		Release|Any CPU = Release|Any CPU
	EndGlobalSection
	GlobalSection(ProjectConfigurationPlatforms) = postSolution
		{171FAAEA-4DD2-4A1D-AA2E-CCBA4D3B192F}.Debug|Any CPU.ActiveCfg = Debug|Any CPU
		{171FAAEA-4DD2-4A1D-AA2E-CCBA4D3B192F}.Debug|Any CPU.Build.0 = Debug|Any CPU
		{171FAAEA-4DD2-4A1D-AA2E-CCBA4D3B192F}.Release|Any CPU.ActiveCfg = Release|Any CPU
		{171FAAEA-4DD2-4A1D-AA2E-CCBA4D3B192F}.Release|Any CPU.Build.0 = Release|Any CPU
		{B867CCFB-075E-4240-A4E8-0B817494D997}.Debug|Any CPU.ActiveCfg = Debug|Any CPU
		{B867CCFB-075E-4240-A4E8-0B817494D997}.Debug|Any CPU.Build.0 = Debug|Any CPU
		{B867CCFB-075E-4240-A4E8-0B817494D997}.Release|Any CPU.ActiveCfg = Release|Any CPU
		{B867CCFB-075E-4240-A4E8-0B817494D997}.Release|Any CPU.Build.0 = Release|Any CPU
		{1CCFE4A2-62AA-4EB1-B460-B56F54DAFD5B}.Debug|Any CPU.ActiveCfg = Debug|Any CPU
		{1CCFE4A2-62AA-4EB1-B460-B56F54DAFD5B}.Debug|Any CPU.Build.0 = Debug|Any CPU
		{1CCFE4A2-62AA-4EB1-B460-B56F54DAFD5B}.Release|Any CPU.ActiveCfg = Release|Any CPU
		{1CCFE4A2-62AA-4EB1-B460-B56F54DAFD5B}.Release|Any CPU.Build.0 = Release|Any CPU
		{5E97AF8B-E67D-4D5D-88A7-1FEFC3284E80}.Debug|Any CPU.ActiveCfg = Debug|Any CPU
		{5E97AF8B-E67D-4D5D-88A7-1FEFC3284E80}.Debug|Any CPU.Build.0 = Debug|Any CPU
		{5E97AF8B-E67D-4D5D-88A7-1FEFC3284E80}.Release|Any CPU.ActiveCfg = Release|Any CPU
		{5E97AF8B-E67D-4D5D-88A7-1FEFC3284E80}.Release|Any CPU.Build.0 = Release|Any CPU
		{CD4DE6A0-AAB0-4807-A5C8-08975C009FCC}.Debug|Any CPU.ActiveCfg = Debug|Any CPU
		{CD4DE6A0-AAB0-4807-A5C8-08975C009FCC}.Debug|Any CPU.Build.0 = Debug|Any CPU
		{CD4DE6A0-AAB0-4807-A5C8-08975C009FCC}.Release|Any CPU.ActiveCfg = Release|Any CPU
		{CD4DE6A0-AAB0-4807-A5C8-08975C009FCC}.Release|Any CPU.Build.0 = Release|Any CPU
	EndGlobalSection
	GlobalSection(SolutionProperties) = preSolution
		HideSolutionNode = FALSE
	EndGlobalSection
	GlobalSection(ExtensibilityGlobals) = postSolution
		SolutionGuid = {C720762B-F210-4793-9A66-367C16AD39A6}
	EndGlobalSection
EndGlobal
